PODS:
  - Bolts (1.1.3)
  - Facebook-iOS-SDK (3.21.1):
    - Bolts (~> 1.0)
  - Parse (1.6.0):
    - Bolts (~> 1.1.3)
  - ParseFacebookUtils (1.6.0):
    - Facebook-iOS-SDK (~> 3.20)
    - Parse (~> 1.6.0)
  - ParseUI (1.0.2):
    - Parse (~> 1.5)
    - ParseFacebookUtils (~> 1.5)
  - SVProgressHUD (1.1.3)
  - UICKeyChainStore (2.0.4)

DEPENDENCIES:
  - Parse
  - ParseUI
  - SVProgressHUD
  - UICKeyChainStore

SPEC CHECKSUMS:
  Bolts: e431c88fd02115d4a34016c2100bbfa4d2d5b146
  Facebook-iOS-SDK: 20e413a6e34f9155d7a34484e0c08247fae3e47f
  Parse: 049e2ce21644e2ffa61534dc6ce51b38e3e03846
  ParseFacebookUtils: 4bf1850476581debb17c80c59f0c5fbcd65ff530
  ParseUI: aa91a7ca7d4eb15a4735e31a87a1d44966238af0
  SVProgressHUD: 748080e4f36e603f6c02aec292664239df5279c1
  UICKeyChainStore: 69eb0c3a6f669bccf16ba88de3b9069b71501361

COCOAPODS: 0.35.0
